
Microsoft Visual Studio Solution File, Format Version 12.00
# Visual Studio Version 16
VisualStudioVersion = 16.0.31702.278
MinimumVisualStudioVersion = 10.0.40219.1
Project("{FAE04EC0-301F-11D3-BF4B-00C04F79EFBC}") = "WSconvertisseur2", "WSconvertisseur2\WSconvertisseur2.csproj", "{C9B4C2D5-BC7C-404A-9264-AF2B095D6313}"
EndProject
Project("{FAE04EC0-301F-11D3-BF4B-00C04F79EFBC}") = "WSConvertisseurUnitTestProject", "WSConvertisseurUnitTestProject\WSConvertisseurUnitTestProject.csproj", "{956786A1-AE5A-4455-A6CD-AAF50FD62F48}"
EndProject
Global
	GlobalSection(SolutionConfigurationPlatforms) = preSolution
		Debug|Any CPU = Debug|Any CPU
		Release|Any CPU = Release|Any CPU
	EndGlobalSection
	GlobalSection(ProjectConfigurationPlatforms) = postSolution
		{C9B4C2D5-BC7C-404A-9264-AF2B095D6313}.Debug|Any CPU.ActiveCfg = Debug|Any CPU
		{C9B4C2D5-BC7C-404A-9264-AF2B095D6313}.Debug|Any CPU.Build.0 = Debug|Any CPU
		{C9B4C2D5-BC7C-404A-9264-AF2B095D6313}.Release|Any CPU.ActiveCfg = Release|Any CPU
		{C9B4C2D5-BC7C-404A-9264-AF2B095D6313}.Release|Any CPU.Build.0 = Release|Any CPU
		{956786A1-AE5A-4455-A6CD-AAF50FD62F48}.Debug|Any CPU.ActiveCfg = Debug|Any CPU
		{956786A1-AE5A-4455-A6CD-AAF50FD62F48}.Debug|Any CPU.Build.0 = Debug|Any CPU
		{956786A1-AE5A-4455-A6CD-AAF50FD62F48}.Release|Any CPU.ActiveCfg = Release|Any CPU
		{956786A1-AE5A-4455-A6CD-AAF50FD62F48}.Release|Any CPU.Build.0 = Release|Any CPU
	EndGlobalSection
	GlobalSection(SolutionProperties) = preSolution
		HideSolutionNode = FALSE
	EndGlobalSection
	GlobalSection(ExtensibilityGlobals) = postSolution
		SolutionGuid = {32BC4597-B21F-4B1C-AB95-36AF8B1D77D7}
	EndGlobalSection
EndGlobal
